
Microsoft Visual Studio Solution File, Format Version 12.00
# Visual Studio Version 17
VisualStudioVersion = 17.14.37111.16
MinimumVisualStudioVersion = 10.0.40219.1
Project("{FAE04EC0-301F-11D3-BF4B-00C04F79EFBC}") = "ChatCLient", "ChatCLient\ChatCLient.csproj", "{478A0FA9-20A9-4BB9-872A-E8F7787AA3C8}"
EndProject
Global
	GlobalSection(SolutionConfigurationPlatforms) = preSolution
		Debug|Any CPU = Debug|Any CPU
		Release|Any CPU = Release|Any CPU
	EndGlobalSection
	GlobalSection(ProjectConfigurationPlatforms) = postSolution
		{478A0FA9-20A9-4BB9-872A-E8F7787AA3C8}.Debug|Any CPU.ActiveCfg = Debug|Any CPU
		{478A0FA9-20A9-4BB9-872A-E8F7787AA3C8}.Debug|Any CPU.Build.0 = Debug|Any CPU
		{478A0FA9-20A9-4BB9-872A-E8F7787AA3C8}.Debug|Any CPU.Deploy.0 = Debug|Any CPU
		{478A0FA9-20A9-4BB9-872A-E8F7787AA3C8}.Release|Any CPU.ActiveCfg = Release|Any CPU
		{478A0FA9-20A9-4BB9-872A-E8F7787AA3C8}.Release|Any CPU.Build.0 = Release|Any CPU
	EndGlobalSection
	GlobalSection(SolutionProperties) = preSolution
		HideSolutionNode = FALSE
	EndGlobalSection
	GlobalSection(ExtensibilityGlobals) = postSolution
		SolutionGuid = {B783C324-586B-46EE-B2AD-FF943648D8E0}
	EndGlobalSection
EndGlobal
